// !$*UTF8*$!
{
	archiveVersion = 1;
	classes = {
	};
	objectVersion = 46;
	objects = {

/* Begin PBXBuildFile section */
		39FE8DF31BD685ED000DDC3D /* AppDelegate.swift in Sources */ = {isa = PBXBuildFile; fileRef = 39FE8DF21BD685ED000DDC3D /* AppDelegate.swift */; };
		39FE8DF51BD685ED000DDC3D /* ViewController.swift in Sources */ = {isa = PBXBuildFile; fileRef = 39FE8DF41BD685ED000DDC3D /* ViewController.swift */; };
		39FE8DF81BD685ED000DDC3D /* Main.storyboard in Resources */ = {isa = PBXBuildFile; fileRef = 39FE8DF61BD685ED000DDC3D /* Main.storyboard */; };
		39FE8DFA1BD685ED000DDC3D /* Assets.xcassets in Resources */ = {isa = PBXBuildFile; fileRef = 39FE8DF91BD685ED000DDC3D /* Assets.xcassets */; };
		39FE8DFD1BD685ED000DDC3D /* LaunchScreen.storyboard in Resources */ = {isa = PBXBuildFile; fileRef = 39FE8DFB1BD685ED000DDC3D /* LaunchScreen.storyboard */; };
		39FE8E081BD685ED000DDC3D /* LoopTests.swift in Sources */ = {isa = PBXBuildFile; fileRef = 39FE8E071BD685ED000DDC3D /* LoopTests.swift */; };
		39FE8E131BD685ED000DDC3D /* LoopUITests.swift in Sources */ = {isa = PBXBuildFile; fileRef = 39FE8E121BD685ED000DDC3D /* LoopUITests.swift */; };
		39FE8E211BD69387000DDC3D /* HeadlineCell.swift in Sources */ = {isa = PBXBuildFile; fileRef = 39FE8E201BD69387000DDC3D /* HeadlineCell.swift */; settings = {ASSET_TAGS = (); }; };
/* End PBXBuildFile section */

/* Begin PBXContainerItemProxy section */
		39FE8E041BD685ED000DDC3D /* PBXContainerItemProxy */ = {
			isa = PBXContainerItemProxy;
			containerPortal = 39FE8DE71BD685ED000DDC3D /* Project object */;
			proxyType = 1;
			remoteGlobalIDString = 39FE8DEE1BD685ED000DDC3D;
			remoteInfo = Loop;
		};
		39FE8E0F1BD685ED000DDC3D /* PBXContainerItemProxy */ = {
			isa = PBXContainerItemProxy;
			containerPortal = 39FE8DE71BD685ED000DDC3D /* Project object */;
			proxyType = 1;
			remoteGlobalIDString = 39FE8DEE1BD685ED000DDC3D;
			remoteInfo = Loop;
		};
/* End PBXContainerItemProxy section */

/* Begin PBXFileReference section */
		39FE8DEF1BD685ED000DDC3D /* Loop.app */ = {isa = PBXFileReference; explicitFileType = wrapper.application; includeInIndex = 0; path = Loop.app; sourceTree = BUILT_PRODUCTS_DIR; };
		39FE8DF21BD685ED000DDC3D /* AppDelegate.swift */ = {isa = PBXFileReference; lastKnownFileType = sourcecode.swift; path = AppDelegate.swift; sourceTree = "<group>"; };
		39FE8DF41BD685ED000DDC3D /* ViewController.swift */ = {isa = PBXFileReference; lastKnownFileType = sourcecode.swift; path = ViewController.swift; sourceTree = "<group>"; };
		39FE8DF71BD685ED000DDC3D /* Base */ = {isa = PBXFileReference; lastKnownFileType = file.storyboard; name = Base; path = Base.lproj/Main.storyboard; sourceTree = "<group>"; };
		39FE8DF91BD685ED000DDC3D /* Assets.xcassets */ = {isa = PBXFileReference; lastKnownFileType = folder.assetcatalog; path = Assets.xcassets; sourceTree = "<group>"; };
		39FE8DFC1BD685ED000DDC3D /* Base */ = {isa = PBXFileReference; lastKnownFileType = file.storyboard; name = Base; path = Base.lproj/LaunchScreen.storyboard; sourceTree = "<group>"; };
		39FE8DFE1BD685ED000DDC3D /* Info.plist */ = {isa = PBXFileReference; lastKnownFileType = text.plist.xml; path = Info.plist; sourceTree = "<group>"; };
		39FE8E031BD685ED000DDC3D /* LoopTests.xctest */ = {isa = PBXFileReference; explicitFileType = wrapper.cfbundle; includeInIndex = 0; path = LoopTests.xctest; sourceTree = BUILT_PRODUCTS_DIR; };
		39FE8E071BD685ED000DDC3D /* LoopTests.swift */ = {isa = PBXFileReference; lastKnownFileType = sourcecode.swift; path = LoopTests.swift; sourceTree = "<group>"; };
		39FE8E091BD685ED000DDC3D /* Info.plist */ = {isa = PBXFileReference; lastKnownFileType = text.plist.xml; path = Info.plist; sourceTree = "<group>"; };
		39FE8E0E1BD685ED000DDC3D /* LoopUITests.xctest */ = {isa = PBXFileReference; explicitFileType = wrapper.cfbundle; includeInIndex = 0; path = LoopUITests.xctest; sourceTree = BUILT_PRODUCTS_DIR; };
		39FE8E121BD685ED000DDC3D /* LoopUITests.swift */ = {isa = PBXFileReference; lastKnownFileType = sourcecode.swift; path = LoopUITests.swift; sourceTree = "<group>"; };
		39FE8E141BD685ED000DDC3D /* Info.plist */ = {isa = PBXFileReference; lastKnownFileType = text.plist.xml; path = Info.plist; sourceTree = "<group>"; };
		39FE8E201BD69387000DDC3D /* HeadlineCell.swift */ = {isa = PBXFileReference; fileEncoding = 4; lastKnownFileType = sourcecode.swift; path = HeadlineCell.swift; sourceTree = "<group>"; };
/* End PBXFileReference section */

/* Begin PBXFrameworksBuildPhase section */
		39FE8DEC1BD685ED000DDC3D /* Frameworks */ = {
			isa = PBXFrameworksBuildPhase;
			buildActionMask = 2147483647;
			files = (
			);
			runOnlyForDeploymentPostprocessing = 0;
		};
		39FE8E001BD685ED000DDC3D /* Frameworks */ = {
			isa = PBXFrameworksBuildPhase;
			buildActionMask = 2147483647;
			files = (
			);
			runOnlyForDeploymentPostprocessing = 0;
		};
		39FE8E0B1BD685ED000DDC3D /* Frameworks */ = {
			isa = PBXFrameworksBuildPhase;
			buildActionMask = 2147483647;
			files = (
			);
			runOnlyForDeploymentPostprocessing = 0;
		};
/* End PBXFrameworksBuildPhase section */

/* Begin PBXGroup section */
		39FE8DE61BD685ED000DDC3D = {
			isa = PBXGroup;
			children = (
				39FE8DF11BD685ED000DDC3D /* Loop */,
				39FE8E061BD685ED000DDC3D /* LoopTests */,
				39FE8E111BD685ED000DDC3D /* LoopUITests */,
				39FE8DF01BD685ED000DDC3D /* Products */,
			);
			sourceTree = "<group>";
		};
		39FE8DF01BD685ED000DDC3D /* Products */ = {
			isa = PBXGroup;
			children = (
				39FE8DEF1BD685ED000DDC3D /* Loop.app */,
				39FE8E031BD685ED000DDC3D /* LoopTests.xctest */,
				39FE8E0E1BD685ED000DDC3D /* LoopUITests.xctest */,
			);
			name = Products;
			sourceTree = "<group>";
		};
		39FE8DF11BD685ED000DDC3D /* Loop */ = {
			isa = PBXGroup;
			children = (
				39FE8DF21BD685ED000DDC3D /* AppDelegate.swift */,
				39FE8DF41BD685ED000DDC3D /* ViewController.swift */,
				39FE8DF61BD685ED000DDC3D /* Main.storyboard */,
				39FE8DF91BD685ED000DDC3D /* Assets.xcassets */,
				39FE8DFB1BD685ED000DDC3D /* LaunchScreen.storyboard */,
				39FE8DFE1BD685ED000DDC3D /* Info.plist */,
				39FE8E201BD69387000DDC3D /* HeadlineCell.swift */,
			);
			path = Loop;
			sourceTree = "<group>";
		};
		39FE8E061BD685ED000DDC3D /* LoopTests */ = {
			isa = PBXGroup;
			children = (
				39FE8E071BD685ED000DDC3D /* LoopTests.swift */,
				39FE8E091BD685ED000DDC3D /* Info.plist */,
			);
			path = LoopTests;
			sourceTree = "<group>";
		};
		39FE8E111BD685ED000DDC3D /* LoopUITests */ = {
			isa = PBXGroup;
			children = (
				39FE8E121BD685ED000DDC3D /* LoopUITests.swift */,
				39FE8E141BD685ED000DDC3D /* Info.plist */,
			);
			path = LoopUITests;
			sourceTree = "<group>";
		};
/* End PBXGroup section */

/* Begin PBXNativeTarget section */
		39FE8DEE1BD685ED000DDC3D /* Loop */ = {
			isa = PBXNativeTarget;
			buildConfigurationList = 39FE8E171BD685ED000DDC3D /* Build configuration list for PBXNativeTarget "Loop" */;
			buildPhases = (
				39FE8DEB1BD685ED000DDC3D /* Sources */,
				39FE8DEC1BD685ED000DDC3D /* Frameworks */,
				39FE8DED1BD685ED000DDC3D /* Resources */,
			);
			buildRules = (
			);
			dependencies = (
			);
			name = Loop;
			productName = Loop;
			productReference = 39FE8DEF1BD685ED000DDC3D /* Loop.app */;
			productType = "com.apple.product-type.application";
		};
		39FE8E021BD685ED000DDC3D /* LoopTests */ = {
			isa = PBXNativeTarget;
			buildConfigurationList = 39FE8E1A1BD685ED000DDC3D /* Build configuration list for PBXNativeTarget "LoopTests" */;
			buildPhases = (
				39FE8DFF1BD685ED000DDC3D /* Sources */,
				39FE8E001BD685ED000DDC3D /* Frameworks */,
				39FE8E011BD685ED000DDC3D /* Resources */,
			);
			buildRules = (
			);
			dependencies = (
				39FE8E051BD685ED000DDC3D /* PBXTargetDependency */,
			);
			name = LoopTests;
			productName = LoopTests;
			productReference = 39FE8E031BD685ED000DDC3D /* LoopTests.xctest */;
			productType = "com.apple.product-type.bundle.unit-test";
		};
		39FE8E0D1BD685ED000DDC3D /* LoopUITests */ = {
			isa = PBXNativeTarget;
			buildConfigurationList = 39FE8E1D1BD685ED000DDC3D /* Build configuration list for PBXNativeTarget "LoopUITests" */;
			buildPhases = (
				39FE8E0A1BD685ED000DDC3D /* Sources */,
				39FE8E0B1BD685ED000DDC3D /* Frameworks */,
				39FE8E0C1BD685ED000DDC3D /* Resources */,
			);
			buildRules = (
			);
			dependencies = (
				39FE8E101BD685ED000DDC3D /* PBXTargetDependency */,
			);
			name = LoopUITests;
			productName = LoopUITests;
			productReference = 39FE8E0E1BD685ED000DDC3D /* LoopUITests.xctest */;
			productType = "com.apple.product-type.bundle.ui-testing";
		};
/* End PBXNativeTarget section */

/* Begin PBXProject section */
		39FE8DE71BD685ED000DDC3D /* Project object */ = {
			isa = PBXProject;
			attributes = {
				LastUpgradeCheck = 0700;
				ORGANIZATIONNAME = "Patrick Weiss";
				TargetAttributes = {
					39FE8DEE1BD685ED000DDC3D = {
						CreatedOnToolsVersion = 7.0.1;
					};
					39FE8E021BD685ED000DDC3D = {
						CreatedOnToolsVersion = 7.0.1;
						TestTargetID = 39FE8DEE1BD685ED000DDC3D;
					};
					39FE8E0D1BD685ED000DDC3D = {
						CreatedOnToolsVersion = 7.0.1;
						TestTargetID = 39FE8DEE1BD685ED000DDC3D;
					};
				};
			};
			buildConfigurationList = 39FE8DEA1BD685ED000DDC3D /* Build configuration list for PBXProject "Loop" */;
			compatibilityVersion = "Xcode 3.2";
			developmentRegion = English;
			hasScannedForEncodings = 0;
			knownRegions = (
				en,
				Base,
			);
			mainGroup = 39FE8DE61BD685ED000DDC3D;
			productRefGroup = 39FE8DF01BD685ED000DDC3D /* Products */;
			projectDirPath = "";
			projectRoot = "";
			targets = (
				39FE8DEE1BD685ED000DDC3D /* Loop */,
				39FE8E021BD685ED000DDC3D /* LoopTests */,
				39FE8E0D1BD685ED000DDC3D /* LoopUITests */,
			);
		};
/* End PBXProject section */

/* Begin PBXResourcesBuildPhase section */
		39FE8DED1BD685ED000DDC3D /* Resources */ = {
			isa = PBXResourcesBuildPhase;
			buildActionMask = 2147483647;
			files = (
				39FE8DFD1BD685ED000DDC3D /* LaunchScreen.storyboard in Resources */,
				39FE8DFA1BD685ED000DDC3D /* Assets.xcassets in Resources */,
				39FE8DF81BD685ED000DDC3D /* Main.storyboard in Resources */,
			);
			runOnlyForDeploymentPostprocessing = 0;
		};
		39FE8E011BD685ED000DDC3D /* Resources */ = {
			isa = PBXResourcesBuildPhase;
			buildActionMask = 2147483647;
			files = (
			);
			runOnlyForDeploymentPostprocessing = 0;
		};
		39FE8E0C1BD685ED000DDC3D /* Resources */ = {
			isa = PBXResourcesBuildPhase;
			buildActionMask = 2147483647;
			files = (
			);
			runOnlyForDeploymentPostprocessing = 0;
		};
/* End PBXResourcesBuildPhase section */

/* Begin PBXSourcesBuildPhase section */
		39FE8DEB1BD685ED000DDC3D /* Sources */ = {
			isa = PBXSourcesBuildPhase;
			buildActionMask = 2147483647;
			files = (
				39FE8DF51BD685ED000DDC3D /* ViewController.swift in Sources */,
				39FE8E211BD69387000DDC3D /* HeadlineCell.swift in Sources */,
				39FE8DF31BD685ED000DDC3D /* AppDelegate.swift in Sources */,
			);
			runOnlyForDeploymentPostprocessing = 0;
		};
		39FE8DFF1BD685ED000DDC3D /* Sources */ = {
			isa = PBXSourcesBuildPhase;
			buildActionMask = 2147483647;
			files = (
				39FE8E081BD685ED000DDC3D /* LoopTests.swift in Sources */,
			);
			runOnlyForDeploymentPostprocessing = 0;
		};
		39FE8E0A1BD685ED000DDC3D /* Sources */ = {
			isa = PBXSourcesBuildPhase;
			buildActionMask = 2147483647;
			files = (
				39FE8E131BD685ED000DDC3D /* LoopUITests.swift in Sources */,
			);
			runOnlyForDeploymentPostprocessing = 0;
		};
/* End PBXSourcesBuildPhase section */

/* Begin PBXTargetDependency section */
		39FE8E051BD685ED000DDC3D /* PBXTargetDependency */ = {
			isa = PBXTargetDependency;
			target = 39FE8DEE1BD685ED000DDC3D /* Loop */;
			targetProxy = 39FE8E041BD685ED000DDC3D /* PBXContainerItemProxy */;
		};
		39FE8E101BD685ED000DDC3D /* PBXTargetDependency */ = {
			isa = PBXTargetDependency;
			target = 39FE8DEE1BD685ED000DDC3D /* Loop */;
			targetProxy = 39FE8E0F1BD685ED000DDC3D /* PBXContainerItemProxy */;
		};
/* End PBXTargetDependency section */

/* Begin PBXVariantGroup section */
		39FE8DF61BD685ED000DDC3D /* Main.storyboard */ = {
			isa = PBXVariantGroup;
			children = (
				39FE8DF71BD685ED000DDC3D /* Base */,
			);
			name = Main.storyboard;
			sourceTree = "<group>";
		};
		39FE8DFB1BD685ED000DDC3D /* LaunchScreen.storyboard */ = {
			isa = PBXVariantGroup;
			children = (
				39FE8DFC1BD685ED000DDC3D /* Base */,
			);
			name = LaunchScreen.storyboard;
			sourceTree = "<group>";
		};
/* End PBXVariantGroup section */

/* Begin XCBuildConfiguration section */
		39FE8E151BD685ED000DDC3D /* Debug */ = {
			isa = XCBuildConfiguration;
			buildSettings = {
				ALWAYS_SEARCH_USER_PATHS = NO;
				CLANG_CXX_LANGUAGE_STANDARD = "gnu++0x";
				CLANG_CXX_LIBRARY = "libc++";
				CLANG_ENABLE_MODULES = YES;
				CLANG_ENABLE_OBJC_ARC = YES;
				CLANG_WARN_BOOL_CONVERSION = YES;
				CLANG_WARN_CONSTANT_CONVERSION = YES;
				CLANG_WARN_DIRECT_OBJC_ISA_USAGE = YES_ERROR;
				CLANG_WARN_EMPTY_BODY = YES;
				CLANG_WARN_ENUM_CONVERSION = YES;
				CLANG_WARN_INT_CONVERSION = YES;
				CLANG_WARN_OBJC_ROOT_CLASS = YES_ERROR;
				CLANG_WARN_UNREACHABLE_CODE = YES;
				CLANG_WARN__DUPLICATE_METHOD_MATCH = YES;
				"CODE_SIGN_IDENTITY[sdk=iphoneos*]" = "iPhone Developer";
				COPY_PHASE_STRIP = NO;
				DEBUG_INFORMATION_FORMAT = dwarf;
				ENABLE_STRICT_OBJC_MSGSEND = YES;
				ENABLE_TESTABILITY = YES;
				GCC_C_LANGUAGE_STANDARD = gnu99;
				GCC_DYNAMIC_NO_PIC = NO;
				GCC_NO_COMMON_BLOCKS = YES;
				GCC_OPTIMIZATION_LEVEL = 0;
				GCC_PREPROCESSOR_DEFINITIONS = (
					"DEBUG=1",
					"$(inherited)",
				);
				GCC_WARN_64_TO_32_BIT_CONVERSION = YES;
				GCC_WARN_ABOUT_RETURN_TYPE = YES_ERROR;
				GCC_WARN_UNDECLARED_SELECTOR = YES;
				GCC_WARN_UNINITIALIZED_AUTOS = YES_AGGRESSIVE;
				GCC_WARN_UNUSED_FUNCTION = YES;
				GCC_WARN_UNUSED_VARIABLE = YES;
				IPHONEOS_DEPLOYMENT_TARGET = 9.0;
				MTL_ENABLE_DEBUG_INFO = YES;
				ONLY_ACTIVE_ARCH = YES;
				SDKROOT = iphoneos;
				SWIFT_OPTIMIZATION_LEVEL = "-Onone";
			};
			name = Debug;
		};
		39FE8E161BD685ED000DDC3D /* Release */ = {
			isa = XCBuildConfiguration;
			buildSettings = {
				ALWAYS_SEARCH_USER_PATHS = NO;
				CLANG_CXX_LANGUAGE_STANDARD = "gnu++0x";
				CLANG_CXX_LIBRARY = "libc++";
				CLANG_ENABLE_MODULES = YES;
				CLANG_ENABLE_OBJC_ARC = YES;
				CLANG_WARN_BOOL_CONVERSION = YES;
				CLANG_WARN_CONSTANT_CONVERSION = YES;
				CLANG_WARN_DIRECT_OBJC_ISA_USAGE = YES_ERROR;
				CLANG_WARN_EMPTY_BODY = YES;
				CLANG_WARN_ENUM_CONVERSION = YES;
				CLANG_WARN_INT_CONVERSION = YES;
				CLANG_WARN_OBJC_ROOT_CLASS = YES_ERROR;
				CLANG_WARN_UNREACHABLE_CODE = YES;
				CLANG_WARN__DUPLICATE_METHOD_MATCH = YES;
				"CODE_SIGN_IDENTITY[sdk=iphoneos*]" = "iPhone Developer";
				COPY_PHASE_STRIP = NO;
				DEBUG_INFORMATION_FORMAT = "dwarf-with-dsym";
				ENABLE_NS_ASSERTIONS = NO;
				ENABLE_STRICT_OBJC_MSGSEND = YES;
				GCC_C_LANGUAGE_STANDARD = gnu99;
				GCC_NO_COMMON_BLOCKS = YES;
				GCC_WARN_64_TO_32_BIT_CONVERSION = YES;
				GCC_WARN_ABOUT_RETURN_TYPE = YES_ERROR;
				GCC_WARN_UNDECLARED_SELECTOR = YES;
				GCC_WARN_UNINITIALIZED_AUTOS = YES_AGGRESSIVE;
				GCC_WARN_UNUSED_FUNCTION = YES;
				GCC_WARN_UNUSED_VARIABLE = YES;
				IPHONEOS_DEPLOYMENT_TARGET = 9.0;
				MTL_ENABLE_DEBUG_INFO = NO;
				SDKROOT = iphoneos;
				VALIDATE_PRODUCT = YES;
			};
			name = Release;
		};
		39FE8E181BD685ED000DDC3D /* Debug */ = {
			isa = XCBuildConfiguration;
			buildSettings = {
				ASSETCATALOG_COMPILER_APPICON_NAME = AppIcon;
				INFOPLIST_FILE = Loop/Info.plist;
				LD_RUNPATH_SEARCH_PATHS = "$(inherited) @executable_path/Frameworks";
				PRODUCT_BUNDLE_IDENTIFIER = weisskrispies.Loop;
				PRODUCT_NAME = "$(TARGET_NAME)";
			};
			name = Debug;
		};
		39FE8E191BD685ED000DDC3D /* Release */ = {
			isa = XCBuildConfiguration;
			buildSettings = {
				ASSETCATALOG_COMPILER_APPICON_NAME = AppIcon;
				INFOPLIST_FILE = Loop/Info.plist;
				LD_RUNPATH_SEARCH_PATHS = "$(inherited) @executable_path/Frameworks";
				PRODUCT_BUNDLE_IDENTIFIER = weisskrispies.Loop;
				PRODUCT_NAME = "$(TARGET_NAME)";
			};
			name = Release;
		};
		39FE8E1B1BD685ED000DDC3D /* Debug */ = {
			isa = XCBuildConfiguration;
			buildSettings = {
				BUNDLE_LOADER = "$(TEST_HOST)";
				INFOPLIST_FILE = LoopTests/Info.plist;
				LD_RUNPATH_SEARCH_PATHS = "$(inherited) @executable_path/Frameworks @loader_path/Frameworks";
				PRODUCT_BUNDLE_IDENTIFIER = weisskrispies.LoopTests;
				PRODUCT_NAME = "$(TARGET_NAME)";
				TEST_HOST = "$(BUILT_PRODUCTS_DIR)/Loop.app/Loop";
			};
			name = Debug;
		};
		39FE8E1C1BD685ED000DDC3D /* Release */ = {
			isa = XCBuildConfiguration;
			buildSettings = {
				BUNDLE_LOADER = "$(TEST_HOST)";
				INFOPLIST_FILE = LoopTests/Info.plist;
				LD_RUNPATH_SEARCH_PATHS = "$(inherited) @executable_path/Frameworks @loader_path/Frameworks";
				PRODUCT_BUNDLE_IDENTIFIER = weisskrispies.LoopTests;
				PRODUCT_NAME = "$(TARGET_NAME)";
				TEST_HOST = "$(BUILT_PRODUCTS_DIR)/Loop.app/Loop";
			};
			name = Release;
		};
		39FE8E1E1BD685ED000DDC3D /* Debug */ = {
			isa = XCBuildConfiguration;
			buildSettings = {
				INFOPLIST_FILE = LoopUITests/Info.plist;
				LD_RUNPATH_SEARCH_PATHS = "$(inherited) @executable_path/Frameworks @loader_path/Frameworks";
				PRODUCT_BUNDLE_IDENTIFIER = weisskrispies.LoopUITests;
				PRODUCT_NAME = "$(TARGET_NAME)";
				TEST_TARGET_NAME = Loop;
				USES_XCTRUNNER = YES;
			};
			name = Debug;
		};
		39FE8E1F1BD685ED000DDC3D /* Release */ = {
			isa = XCBuildConfiguration;
			buildSettings = {
				INFOPLIST_FILE = LoopUITests/Info.plist;
				LD_RUNPATH_SEARCH_PATHS = "$(inherited) @executable_path/Frameworks @loader_path/Frameworks";
				PRODUCT_BUNDLE_IDENTIFIER = weisskrispies.LoopUITests;
				PRODUCT_NAME = "$(TARGET_NAME)";
				TEST_TARGET_NAME = Loop;
				USES_XCTRUNNER = YES;
			};
			name = Release;
		};
/* End XCBuildConfiguration section */

/* Begin XCConfigurationList section */
		39FE8DEA1BD685ED000DDC3D /* Build configuration list for PBXProject "Loop" */ = {
			isa = XCConfigurationList;
			buildConfigurations = (
				39FE8E151BD685ED000DDC3D /* Debug */,
				39FE8E161BD685ED000DDC3D /* Release */,
			);
			defaultConfigurationIsVisible = 0;
			defaultConfigurationName = Release;
		};
		39FE8E171BD685ED000DDC3D /* Build configuration list for PBXNativeTarget "Loop" */ = {
			isa = XCConfigurationList;
			buildConfigurations = (
				39FE8E181BD685ED000DDC3D /* Debug */,
				39FE8E191BD685ED000DDC3D /* Release */,
			);
			defaultConfigurationIsVisible = 0;
		};
		39FE8E1A1BD685ED000DDC3D /* Build configuration list for PBXNativeTarget "LoopTests" */ = {
			isa = XCConfigurationList;
			buildConfigurations = (
				39FE8E1B1BD685ED000DDC3D /* Debug */,
				39FE8E1C1BD685ED000DDC3D /* Release */,
			);
			defaultConfigurationIsVisible = 0;
		};
		39FE8E1D1BD685ED000DDC3D /* Build configuration list for PBXNativeTarget "LoopUITests" */ = {
			isa = XCConfigurationList;
			buildConfigurations = (
				39FE8E1E1BD685ED000DDC3D /* Debug */,
				39FE8E1F1BD685ED000DDC3D /* Release */,
			);
			defaultConfigurationIsVisible = 0;
		};
/* End XCConfigurationList section */
	};
	rootObject = 39FE8DE71BD685ED000DDC3D /* Project object */;
}
